
Microsoft Visual Studio Solution File, Format Version 12.00
# Visual Studio 2013
VisualStudioVersion = 12.0.30501.0
MinimumVisualStudioVersion = 10.0.40219.1
Project("{FAE04EC0-301F-11D3-BF4B-00C04F79EFBC}") = "Rocks.Helpers", "Rocks.Helpers\Rocks.Helpers.csproj", "{45FF86B4-52DB-423A-9723-26560753C102}"
EndProject
Project("{FAE04EC0-301F-11D3-BF4B-00C04F79EFBC}") = "Rocks.Helpers.Tests", "Rocks.Helpers.Tests\Rocks.Helpers.Tests.csproj", "{B74EBC06-DF75-4DDD-804B-5FDD40D85217}"
EndProject
Global
	GlobalSection(SolutionConfigurationPlatforms) = preSolution
		Debug|Any CPU = Debug|Any CPU
		Release|Any CPU = Release|Any CPU
	EndGlobalSection
	GlobalSection(ProjectConfigurationPlatforms) = postSolution
		{45FF86B4-52DB-423A-9723-26560753C102}.Debug|Any CPU.ActiveCfg = Debug|Any CPU
		{45FF86B4-52DB-423A-9723-26560753C102}.Debug|Any CPU.Build.0 = Debug|Any CPU
		{45FF86B4-52DB-423A-9723-26560753C102}.Release|Any CPU.ActiveCfg = Release|Any CPU
		{45FF86B4-52DB-423A-9723-26560753C102}.Release|Any CPU.Build.0 = Release|Any CPU
		{B74EBC06-DF75-4DDD-804B-5FDD40D85217}.Debug|Any CPU.ActiveCfg = Debug|Any CPU
		{B74EBC06-DF75-4DDD-804B-5FDD40D85217}.Debug|Any CPU.Build.0 = Debug|Any CPU
		{B74EBC06-DF75-4DDD-804B-5FDD40D85217}.Release|Any CPU.ActiveCfg = Release|Any CPU
		{B74EBC06-DF75-4DDD-804B-5FDD40D85217}.Release|Any CPU.Build.0 = Release|Any CPU
	EndGlobalSection
	GlobalSection(SolutionProperties) = preSolution
		HideSolutionNode = FALSE
	EndGlobalSection
EndGlobal
